
Microsoft Visual Studio Solution File, Format Version 12.00
# Visual Studio Version 17
VisualStudioVersion = 17.8.34322.80
MinimumVisualStudioVersion = 10.0.40219.1
Project("{FAE04EC0-301F-11D3-BF4B-00C04F79EFBC}") = "MoneyMinder", "MoneyMinder\MoneyMinder.csproj", "{09588A13-EF20-425E-B895-CE1A4EBBB31C}"
EndProject
Global
	GlobalSection(SolutionConfigurationPlatforms) = preSolution
		Debug|Any CPU = Debug|Any CPU
		Release|Any CPU = Release|Any CPU
	EndGlobalSection
	GlobalSection(ProjectConfigurationPlatforms) = postSolution
		{09588A13-EF20-425E-B895-CE1A4EBBB31C}.Debug|Any CPU.ActiveCfg = Debug|Any CPU
		{09588A13-EF20-425E-B895-CE1A4EBBB31C}.Debug|Any CPU.Build.0 = Debug|Any CPU
		{09588A13-EF20-425E-B895-CE1A4EBBB31C}.Release|Any CPU.ActiveCfg = Release|Any CPU
		{09588A13-EF20-425E-B895-CE1A4EBBB31C}.Release|Any CPU.Build.0 = Release|Any CPU
	EndGlobalSection
	GlobalSection(SolutionProperties) = preSolution
		HideSolutionNode = FALSE
	EndGlobalSection
	GlobalSection(ExtensibilityGlobals) = postSolution
		SolutionGuid = {7277BAD5-C181-43BE-80FC-DE2EEA2FC1ED}
	EndGlobalSection
EndGlobal
